// !$*UTF8*$!
{
	archiveVersion = 1;
	classes = {
	};
	objectVersion = 56;
	objects = {

/* Begin PBXBuildFile section */
		392083B22A4853F800E591A8 /* SF-Pro-Text-Medium.otf in Resources */ = {isa = PBXBuildFile; fileRef = 392083AE2A4853F800E591A8 /* SF-Pro-Text-Medium.otf */; };
		392083B32A4853F800E591A8 /* SF-Pro-Text-Black.otf in Resources */ = {isa = PBXBuildFile; fileRef = 392083AF2A4853F800E591A8 /* SF-Pro-Text-Black.otf */; };
		392083B42A4853F800E591A8 /* SF-Pro-Text-Light.otf in Resources */ = {isa = PBXBuildFile; fileRef = 392083B02A4853F800E591A8 /* SF-Pro-Text-Light.otf */; };
		392083B52A4853F800E591A8 /* SF-Pro-Text-Bold.otf in Resources */ = {isa = PBXBuildFile; fileRef = 392083B12A4853F800E591A8 /* SF-Pro-Text-Bold.otf */; };
		392083B72A48586C00E591A8 /* WeekdayType.swift in Sources */ = {isa = PBXBuildFile; fileRef = 392083B62A48586C00E591A8 /* WeekdayType.swift */; };
		392083BD2A485B9400E591A8 /* PoolListView.swift in Sources */ = {isa = PBXBuildFile; fileRef = 392083BC2A485B9400E591A8 /* PoolListView.swift */; };
		392083C02A485BB300E591A8 /* MyInfoView.swift in Sources */ = {isa = PBXBuildFile; fileRef = 392083BF2A485BB300E591A8 /* MyInfoView.swift */; };
		392083C22A485E7700E591A8 /* DailyRecordBar.swift in Sources */ = {isa = PBXBuildFile; fileRef = 392083C12A485E7700E591A8 /* DailyRecordBar.swift */; };
		392083C62A48805000E591A8 /* PoolsMapViewContainer.swift in Sources */ = {isa = PBXBuildFile; fileRef = 392083C52A48805000E591A8 /* PoolsMapViewContainer.swift */; };
		392083C82A48807B00E591A8 /* SearchBarModifier.swift in Sources */ = {isa = PBXBuildFile; fileRef = 392083C72A48807B00E591A8 /* SearchBarModifier.swift */; };
		392083CA2A48828800E591A8 /* SwimmingPoolCell.swift in Sources */ = {isa = PBXBuildFile; fileRef = 392083C92A48828800E591A8 /* SwimmingPoolCell.swift */; };
		392083CC2A4882F000E591A8 /* SwimmingPoolType.swift in Sources */ = {isa = PBXBuildFile; fileRef = 392083CB2A4882F000E591A8 /* SwimmingPoolType.swift */; };
		39437D9F2A48944000FDA9DA /* NaverMapService.swift in Sources */ = {isa = PBXBuildFile; fileRef = 39437D9E2A48944000FDA9DA /* NaverMapService.swift */; };
		39437DA22A48949700FDA9DA /* Keys.swift in Sources */ = {isa = PBXBuildFile; fileRef = 39437DA12A48949700FDA9DA /* Keys.swift */; };
		398B1BA52A483DA300E0FA9B /* swimmersApp.swift in Sources */ = {isa = PBXBuildFile; fileRef = 398B1BA42A483DA300E0FA9B /* swimmersApp.swift */; };
		398B1BA92A483DA400E0FA9B /* Assets.xcassets in Resources */ = {isa = PBXBuildFile; fileRef = 398B1BA82A483DA400E0FA9B /* Assets.xcassets */; };
		398B1BAC2A483DA400E0FA9B /* Preview Assets.xcassets in Resources */ = {isa = PBXBuildFile; fileRef = 398B1BAB2A483DA400E0FA9B /* Preview Assets.xcassets */; };
		398B1BB42A483E1700E0FA9B /* HomeView.swift in Sources */ = {isa = PBXBuildFile; fileRef = 398B1BB32A483E1700E0FA9B /* HomeView.swift */; };
		398B1BB72A483E4E00E0FA9B /* ThemeColor.swift in Sources */ = {isa = PBXBuildFile; fileRef = 398B1BB62A483E4E00E0FA9B /* ThemeColor.swift */; };
		398B1BBA2A483EEA00E0FA9B /* Color+Extension.swift in Sources */ = {isa = PBXBuildFile; fileRef = 398B1BB92A483EEA00E0FA9B /* Color+Extension.swift */; };
		398B1BC02A4842C900E0FA9B /* MainView.swift in Sources */ = {isa = PBXBuildFile; fileRef = 398B1BBF2A4842C900E0FA9B /* MainView.swift */; };
		398B1BC22A4845A700E0FA9B /* .gitignore in Resources */ = {isa = PBXBuildFile; fileRef = 398B1BC12A4845A700E0FA9B /* .gitignore */; };
		398B1BC42A4848D400E0FA9B /* RecordCellType.swift in Sources */ = {isa = PBXBuildFile; fileRef = 398B1BC32A4848D400E0FA9B /* RecordCellType.swift */; };
		398B1BC62A484CF500E0FA9B /* Font+Extension.swift in Sources */ = {isa = PBXBuildFile; fileRef = 398B1BC52A484CF500E0FA9B /* Font+Extension.swift */; };
		398B1BC82A484D1300E0FA9B /* ThemeFont.swift in Sources */ = {isa = PBXBuildFile; fileRef = 398B1BC72A484D1300E0FA9B /* ThemeFont.swift */; };
		398B1BCD2A48500600E0FA9B /* GodoB.otf in Resources */ = {isa = PBXBuildFile; fileRef = 398B1BCB2A48500100E0FA9B /* GodoB.otf */; };
		398B1BCE2A48500600E0FA9B /* GodoM.otf in Resources */ = {isa = PBXBuildFile; fileRef = 398B1BCC2A48500100E0FA9B /* GodoM.otf */; };
		39ADB2722A492F2B00AED318 /* MainViewModel.swift in Sources */ = {isa = PBXBuildFile; fileRef = 39ADB2712A492F2B00AED318 /* MainViewModel.swift */; };
		39ADB27D2A4AE4FB00AED318 /* Constant.swift in Sources */ = {isa = PBXBuildFile; fileRef = 39ADB27C2A4AE4FA00AED318 /* Constant.swift */; };
		39ADB27F2A4AE90A00AED318 /* PoolsViewModel.swift in Sources */ = {isa = PBXBuildFile; fileRef = 39ADB27E2A4AE90A00AED318 /* PoolsViewModel.swift */; };
		39ADB2832A4AEA2200AED318 /* PoolDetailView.swift in Sources */ = {isa = PBXBuildFile; fileRef = 39ADB2822A4AEA2200AED318 /* PoolDetailView.swift */; };
		81984978731F99A172D3969B /* Pods_swimmers.framework in Frameworks */ = {isa = PBXBuildFile; fileRef = 82E207D75809D2885E3DBD29 /* Pods_swimmers.framework */; };
/* End PBXBuildFile section */

/* Begin PBXFileReference section */
		148B2CD5E805979309437A8F /* Pods-swimmers.debug.xcconfig */ = {isa = PBXFileReference; includeInIndex = 1; lastKnownFileType = text.xcconfig; name = "Pods-swimmers.debug.xcconfig"; path = "Target Support Files/Pods-swimmers/Pods-swimmers.debug.xcconfig"; sourceTree = "<group>"; };
		392083AE2A4853F800E591A8 /* SF-Pro-Text-Medium.otf */ = {isa = PBXFileReference; lastKnownFileType = file; path = "SF-Pro-Text-Medium.otf"; sourceTree = "<group>"; };
		392083AF2A4853F800E591A8 /* SF-Pro-Text-Black.otf */ = {isa = PBXFileReference; lastKnownFileType = file; path = "SF-Pro-Text-Black.otf"; sourceTree = "<group>"; };
		392083B02A4853F800E591A8 /* SF-Pro-Text-Light.otf */ = {isa = PBXFileReference; lastKnownFileType = file; path = "SF-Pro-Text-Light.otf"; sourceTree = "<group>"; };
		392083B12A4853F800E591A8 /* SF-Pro-Text-Bold.otf */ = {isa = PBXFileReference; lastKnownFileType = file; path = "SF-Pro-Text-Bold.otf"; sourceTree = "<group>"; };
		392083B62A48586C00E591A8 /* WeekdayType.swift */ = {isa = PBXFileReference; lastKnownFileType = sourcecode.swift; path = WeekdayType.swift; sourceTree = "<group>"; };
		392083BC2A485B9400E591A8 /* PoolListView.swift */ = {isa = PBXFileReference; lastKnownFileType = sourcecode.swift; path = PoolListView.swift; sourceTree = "<group>"; };
		392083BF2A485BB300E591A8 /* MyInfoView.swift */ = {isa = PBXFileReference; lastKnownFileType = sourcecode.swift; path = MyInfoView.swift; sourceTree = "<group>"; };
		392083C12A485E7700E591A8 /* DailyRecordBar.swift */ = {isa = PBXFileReference; lastKnownFileType = sourcecode.swift; path = DailyRecordBar.swift; sourceTree = "<group>"; };
		392083C52A48805000E591A8 /* PoolsMapViewContainer.swift */ = {isa = PBXFileReference; lastKnownFileType = sourcecode.swift; path = PoolsMapViewContainer.swift; sourceTree = "<group>"; };
		392083C72A48807B00E591A8 /* SearchBarModifier.swift */ = {isa = PBXFileReference; lastKnownFileType = sourcecode.swift; path = SearchBarModifier.swift; sourceTree = "<group>"; };
		392083C92A48828800E591A8 /* SwimmingPoolCell.swift */ = {isa = PBXFileReference; lastKnownFileType = sourcecode.swift; path = SwimmingPoolCell.swift; sourceTree = "<group>"; };
		392083CB2A4882F000E591A8 /* SwimmingPoolType.swift */ = {isa = PBXFileReference; lastKnownFileType = sourcecode.swift; path = SwimmingPoolType.swift; sourceTree = "<group>"; };
		39437D9E2A48944000FDA9DA /* NaverMapService.swift */ = {isa = PBXFileReference; lastKnownFileType = sourcecode.swift; path = NaverMapService.swift; sourceTree = "<group>"; };
		39437DA12A48949700FDA9DA /* Keys.swift */ = {isa = PBXFileReference; lastKnownFileType = sourcecode.swift; path = Keys.swift; sourceTree = "<group>"; };
		398B1BA12A483DA300E0FA9B /* swimmers.app */ = {isa = PBXFileReference; explicitFileType = wrapper.application; includeInIndex = 0; path = swimmers.app; sourceTree = BUILT_PRODUCTS_DIR; };
		398B1BA42A483DA300E0FA9B /* swimmersApp.swift */ = {isa = PBXFileReference; lastKnownFileType = sourcecode.swift; path = swimmersApp.swift; sourceTree = "<group>"; };
		398B1BA82A483DA400E0FA9B /* Assets.xcassets */ = {isa = PBXFileReference; lastKnownFileType = folder.assetcatalog; path = Assets.xcassets; sourceTree = "<group>"; };
		398B1BAB2A483DA400E0FA9B /* Preview Assets.xcassets */ = {isa = PBXFileReference; lastKnownFileType = folder.assetcatalog; path = "Preview Assets.xcassets"; sourceTree = "<group>"; };
		398B1BB32A483E1700E0FA9B /* HomeView.swift */ = {isa = PBXFileReference; lastKnownFileType = sourcecode.swift; path = HomeView.swift; sourceTree = "<group>"; };
		398B1BB62A483E4E00E0FA9B /* ThemeColor.swift */ = {isa = PBXFileReference; lastKnownFileType = sourcecode.swift; path = ThemeColor.swift; sourceTree = "<group>"; };
		398B1BB92A483EEA00E0FA9B /* Color+Extension.swift */ = {isa = PBXFileReference; lastKnownFileType = sourcecode.swift; path = "Color+Extension.swift"; sourceTree = "<group>"; };
		398B1BBF2A4842C900E0FA9B /* MainView.swift */ = {isa = PBXFileReference; lastKnownFileType = sourcecode.swift; path = MainView.swift; sourceTree = "<group>"; };
		398B1BC12A4845A700E0FA9B /* .gitignore */ = {isa = PBXFileReference; lastKnownFileType = text; path = .gitignore; sourceTree = "<group>"; };
		398B1BC32A4848D400E0FA9B /* RecordCellType.swift */ = {isa = PBXFileReference; lastKnownFileType = sourcecode.swift; path = RecordCellType.swift; sourceTree = "<group>"; };
		398B1BC52A484CF500E0FA9B /* Font+Extension.swift */ = {isa = PBXFileReference; lastKnownFileType = sourcecode.swift; path = "Font+Extension.swift"; sourceTree = "<group>"; };
		398B1BC72A484D1300E0FA9B /* ThemeFont.swift */ = {isa = PBXFileReference; lastKnownFileType = sourcecode.swift; path = ThemeFont.swift; sourceTree = "<group>"; };
		398B1BCB2A48500100E0FA9B /* GodoB.otf */ = {isa = PBXFileReference; lastKnownFileType = file; path = GodoB.otf; sourceTree = "<group>"; };
		398B1BCC2A48500100E0FA9B /* GodoM.otf */ = {isa = PBXFileReference; lastKnownFileType = file; path = GodoM.otf; sourceTree = "<group>"; };
		398B1BD02A4851A800E0FA9B /* Info.plist */ = {isa = PBXFileReference; lastKnownFileType = text.plist; path = Info.plist; sourceTree = "<group>"; };
		39ADB2712A492F2B00AED318 /* MainViewModel.swift */ = {isa = PBXFileReference; lastKnownFileType = sourcecode.swift; path = MainViewModel.swift; sourceTree = "<group>"; };
		39ADB27C2A4AE4FA00AED318 /* Constant.swift */ = {isa = PBXFileReference; lastKnownFileType = sourcecode.swift; path = Constant.swift; sourceTree = "<group>"; };
		39ADB27E2A4AE90A00AED318 /* PoolsViewModel.swift */ = {isa = PBXFileReference; lastKnownFileType = sourcecode.swift; path = PoolsViewModel.swift; sourceTree = "<group>"; };
		39ADB2822A4AEA2200AED318 /* PoolDetailView.swift */ = {isa = PBXFileReference; lastKnownFileType = sourcecode.swift; path = PoolDetailView.swift; sourceTree = "<group>"; };
		82E207D75809D2885E3DBD29 /* Pods_swimmers.framework */ = {isa = PBXFileReference; explicitFileType = wrapper.framework; includeInIndex = 0; path = Pods_swimmers.framework; sourceTree = BUILT_PRODUCTS_DIR; };
		D920C7E5BEB9778F19F79D49 /* Pods-swimmers.release.xcconfig */ = {isa = PBXFileReference; includeInIndex = 1; lastKnownFileType = text.xcconfig; name = "Pods-swimmers.release.xcconfig"; path = "Target Support Files/Pods-swimmers/Pods-swimmers.release.xcconfig"; sourceTree = "<group>"; };
/* End PBXFileReference section */

/* Begin PBXFrameworksBuildPhase section */
		398B1B9E2A483DA300E0FA9B /* Frameworks */ = {
			isa = PBXFrameworksBuildPhase;
			buildActionMask = 2147483647;
			files = (
				81984978731F99A172D3969B /* Pods_swimmers.framework in Frameworks */,
			);
			runOnlyForDeploymentPostprocessing = 0;
		};
/* End PBXFrameworksBuildPhase section */

/* Begin PBXGroup section */
		20024A8524F89D496E5E814C /* Pods */ = {
			isa = PBXGroup;
			children = (
				148B2CD5E805979309437A8F /* Pods-swimmers.debug.xcconfig */,
				D920C7E5BEB9778F19F79D49 /* Pods-swimmers.release.xcconfig */,
			);
			path = Pods;
			sourceTree = "<group>";
		};
		392083B82A485B5D00E591A8 /* Home */ = {
			isa = PBXGroup;
			children = (
				392083C42A487DEA00E591A8 /* Types */,
				398B1BB32A483E1700E0FA9B /* HomeView.swift */,
				392083C12A485E7700E591A8 /* DailyRecordBar.swift */,
			);
			path = Home;
			sourceTree = "<group>";
		};
		392083B92A485B6600E591A8 /* Pool */ = {
			isa = PBXGroup;
			children = (
				39ADB2812A4AEA1200AED318 /* Detail */,
				392083C52A48805000E591A8 /* PoolsMapViewContainer.swift */,
				39ADB27E2A4AE90A00AED318 /* PoolsViewModel.swift */,
				39ADB2802A4AEA0000AED318 /* List */,
				39437D9D2A48943200FDA9DA /* NaverMap */,
				392083CF2A48862500E591A8 /* Types */,
			);
			path = Pool;
			sourceTree = "<group>";
		};
		392083BE2A485BA800E591A8 /* MyInfo */ = {
			isa = PBXGroup;
			children = (
				392083BF2A485BB300E591A8 /* MyInfoView.swift */,
			);
			path = MyInfo;
			sourceTree = "<group>";
		};
		392083C42A487DEA00E591A8 /* Types */ = {
			isa = PBXGroup;
			children = (
				398B1BC32A4848D400E0FA9B /* RecordCellType.swift */,
				392083B62A48586C00E591A8 /* WeekdayType.swift */,
			);
			path = Types;
			sourceTree = "<group>";
		};
		392083CD2A4885FC00E591A8 /* CustomViews */ = {
			isa = PBXGroup;
			children = (
				392083CE2A48860400E591A8 /* Modifier */,
			);
			path = CustomViews;
			sourceTree = "<group>";
		};
		392083CE2A48860400E591A8 /* Modifier */ = {
			isa = PBXGroup;
			children = (
				392083C72A48807B00E591A8 /* SearchBarModifier.swift */,
			);
			path = Modifier;
			sourceTree = "<group>";
		};
		392083CF2A48862500E591A8 /* Types */ = {
			isa = PBXGroup;
			children = (
				392083CB2A4882F000E591A8 /* SwimmingPoolType.swift */,
			);
			path = Types;
			sourceTree = "<group>";
		};
		39437D9D2A48943200FDA9DA /* NaverMap */ = {
			isa = PBXGroup;
			children = (
				39437D9E2A48944000FDA9DA /* NaverMapService.swift */,
			);
			path = NaverMap;
			sourceTree = "<group>";
		};
		39437DA02A48948E00FDA9DA /* Secrets */ = {
			isa = PBXGroup;
			children = (
				39437DA12A48949700FDA9DA /* Keys.swift */,
			);
			path = Secrets;
			sourceTree = "<group>";
		};
		398B1B982A483DA300E0FA9B = {
			isa = PBXGroup;
			children = (
				398B1BC12A4845A700E0FA9B /* .gitignore */,
				398B1BA32A483DA300E0FA9B /* swimmers */,
				398B1BA22A483DA300E0FA9B /* Products */,
				20024A8524F89D496E5E814C /* Pods */,
				558413656F6ED88D1CF53D5D /* Frameworks */,
			);
			sourceTree = "<group>";
		};
		398B1BA22A483DA300E0FA9B /* Products */ = {
			isa = PBXGroup;
			children = (
				398B1BA12A483DA300E0FA9B /* swimmers.app */,
			);
			name = Products;
			sourceTree = "<group>";
		};
		398B1BA32A483DA300E0FA9B /* swimmers */ = {
			isa = PBXGroup;
			children = (
				39437DA02A48948E00FDA9DA /* Secrets */,
				398B1BD02A4851A800E0FA9B /* Info.plist */,
				398B1BA42A483DA300E0FA9B /* swimmersApp.swift */,
				398B1BB22A483E0C00E0FA9B /* Presentation */,
				398B1BB82A483E7B00E0FA9B /* Extensions */,
				398B1BB52A483E4000E0FA9B /* Utils */,
				398B1BC92A484D5500E0FA9B /* Resources */,
				398B1BAA2A483DA400E0FA9B /* Preview Content */,
			);
			path = swimmers;
			sourceTree = "<group>";
		};
		398B1BAA2A483DA400E0FA9B /* Preview Content */ = {
			isa = PBXGroup;
			children = (
				398B1BAB2A483DA400E0FA9B /* Preview Assets.xcassets */,
			);
			path = "Preview Content";
			sourceTree = "<group>";
		};
		398B1BB22A483E0C00E0FA9B /* Presentation */ = {
			isa = PBXGroup;
			children = (
				398B1BBF2A4842C900E0FA9B /* MainView.swift */,
				392083B82A485B5D00E591A8 /* Home */,
				392083BE2A485BA800E591A8 /* MyInfo */,
				392083B92A485B6600E591A8 /* Pool */,
				392083CD2A4885FC00E591A8 /* CustomViews */,
				39ADB2712A492F2B00AED318 /* MainViewModel.swift */,
			);
			path = Presentation;
			sourceTree = "<group>";
		};
		398B1BB52A483E4000E0FA9B /* Utils */ = {
			isa = PBXGroup;
			children = (
				398B1BB62A483E4E00E0FA9B /* ThemeColor.swift */,
				398B1BC72A484D1300E0FA9B /* ThemeFont.swift */,
				39ADB27C2A4AE4FA00AED318 /* Constant.swift */,
			);
			path = Utils;
			sourceTree = "<group>";
		};
		398B1BB82A483E7B00E0FA9B /* Extensions */ = {
			isa = PBXGroup;
			children = (
				398B1BB92A483EEA00E0FA9B /* Color+Extension.swift */,
				398B1BC52A484CF500E0FA9B /* Font+Extension.swift */,
			);
			path = Extensions;
			sourceTree = "<group>";
		};
		398B1BC92A484D5500E0FA9B /* Resources */ = {
			isa = PBXGroup;
			children = (
				398B1BA82A483DA400E0FA9B /* Assets.xcassets */,
				398B1BCF2A48500D00E0FA9B /* Font */,
			);
			path = Resources;
			sourceTree = "<group>";
		};
		398B1BCF2A48500D00E0FA9B /* Font */ = {
			isa = PBXGroup;
			children = (
				398B1BCB2A48500100E0FA9B /* GodoB.otf */,
				398B1BCC2A48500100E0FA9B /* GodoM.otf */,
				392083AF2A4853F800E591A8 /* SF-Pro-Text-Black.otf */,
				392083B12A4853F800E591A8 /* SF-Pro-Text-Bold.otf */,
				392083B02A4853F800E591A8 /* SF-Pro-Text-Light.otf */,
				392083AE2A4853F800E591A8 /* SF-Pro-Text-Medium.otf */,
			);
			path = Font;
			sourceTree = "<group>";
		};
		39ADB2802A4AEA0000AED318 /* List */ = {
			isa = PBXGroup;
			children = (
				392083BC2A485B9400E591A8 /* PoolListView.swift */,
				392083C92A48828800E591A8 /* SwimmingPoolCell.swift */,
			);
			path = List;
			sourceTree = "<group>";
		};
		39ADB2812A4AEA1200AED318 /* Detail */ = {
			isa = PBXGroup;
			children = (
				39ADB2822A4AEA2200AED318 /* PoolDetailView.swift */,
			);
			path = Detail;
			sourceTree = "<group>";
		};
		558413656F6ED88D1CF53D5D /* Frameworks */ = {
			isa = PBXGroup;
			children = (
				82E207D75809D2885E3DBD29 /* Pods_swimmers.framework */,
			);
			name = Frameworks;
			sourceTree = "<group>";
		};
/* End PBXGroup section */

/* Begin PBXNativeTarget section */
		398B1BA02A483DA300E0FA9B /* swimmers */ = {
			isa = PBXNativeTarget;
			buildConfigurationList = 398B1BAF2A483DA400E0FA9B /* Build configuration list for PBXNativeTarget "swimmers" */;
			buildPhases = (
				192AB908721EA0BB85BECCAF /* [CP] Check Pods Manifest.lock */,
				398B1B9D2A483DA300E0FA9B /* Sources */,
				398B1B9E2A483DA300E0FA9B /* Frameworks */,
				398B1B9F2A483DA300E0FA9B /* Resources */,
				030EFA0B91D6F70122F8E5AD /* [CP] Embed Pods Frameworks */,
			);
			buildRules = (
			);
			dependencies = (
			);
			name = swimmers;
			productName = swimmers;
			productReference = 398B1BA12A483DA300E0FA9B /* swimmers.app */;
			productType = "com.apple.product-type.application";
		};
/* End PBXNativeTarget section */

/* Begin PBXProject section */
		398B1B992A483DA300E0FA9B /* Project object */ = {
			isa = PBXProject;
			attributes = {
				BuildIndependentTargetsInParallel = 1;
				LastSwiftUpdateCheck = 1430;
				LastUpgradeCheck = 1430;
				TargetAttributes = {
					398B1BA02A483DA300E0FA9B = {
						CreatedOnToolsVersion = 14.3.1;
					};
				};
			};
			buildConfigurationList = 398B1B9C2A483DA300E0FA9B /* Build configuration list for PBXProject "swimmers" */;
			compatibilityVersion = "Xcode 14.0";
			developmentRegion = en;
			hasScannedForEncodings = 0;
			knownRegions = (
				en,
				Base,
			);
			mainGroup = 398B1B982A483DA300E0FA9B;
			productRefGroup = 398B1BA22A483DA300E0FA9B /* Products */;
			projectDirPath = "";
			projectRoot = "";
			targets = (
				398B1BA02A483DA300E0FA9B /* swimmers */,
			);
		};
/* End PBXProject section */

/* Begin PBXResourcesBuildPhase section */
		398B1B9F2A483DA300E0FA9B /* Resources */ = {
			isa = PBXResourcesBuildPhase;
			buildActionMask = 2147483647;
			files = (
				398B1BAC2A483DA400E0FA9B /* Preview Assets.xcassets in Resources */,
				398B1BCE2A48500600E0FA9B /* GodoM.otf in Resources */,
				392083B42A4853F800E591A8 /* SF-Pro-Text-Light.otf in Resources */,
				392083B22A4853F800E591A8 /* SF-Pro-Text-Medium.otf in Resources */,
				398B1BC22A4845A700E0FA9B /* .gitignore in Resources */,
				398B1BA92A483DA400E0FA9B /* Assets.xcassets in Resources */,
				392083B32A4853F800E591A8 /* SF-Pro-Text-Black.otf in Resources */,
				398B1BCD2A48500600E0FA9B /* GodoB.otf in Resources */,
				392083B52A4853F800E591A8 /* SF-Pro-Text-Bold.otf in Resources */,
			);
			runOnlyForDeploymentPostprocessing = 0;
		};
/* End PBXResourcesBuildPhase section */

/* Begin PBXShellScriptBuildPhase section */
		030EFA0B91D6F70122F8E5AD /* [CP] Embed Pods Frameworks */ = {
			isa = PBXShellScriptBuildPhase;
			buildActionMask = 2147483647;
			files = (
			);
			inputFileListPaths = (
				"${PODS_ROOT}/Target Support Files/Pods-swimmers/Pods-swimmers-frameworks-${CONFIGURATION}-input-files.xcfilelist",
			);
			name = "[CP] Embed Pods Frameworks";
			outputFileListPaths = (
				"${PODS_ROOT}/Target Support Files/Pods-swimmers/Pods-swimmers-frameworks-${CONFIGURATION}-output-files.xcfilelist",
			);
			runOnlyForDeploymentPostprocessing = 0;
			shellPath = /bin/sh;
			shellScript = "\"${PODS_ROOT}/Target Support Files/Pods-swimmers/Pods-swimmers-frameworks.sh\"\n";
			showEnvVarsInLog = 0;
		};
		192AB908721EA0BB85BECCAF /* [CP] Check Pods Manifest.lock */ = {
			isa = PBXShellScriptBuildPhase;
			buildActionMask = 2147483647;
			files = (
			);
			inputFileListPaths = (
			);
			inputPaths = (
				"${PODS_PODFILE_DIR_PATH}/Podfile.lock",
				"${PODS_ROOT}/Manifest.lock",
			);
			name = "[CP] Check Pods Manifest.lock";
			outputFileListPaths = (
			);
			outputPaths = (
				"$(DERIVED_FILE_DIR)/Pods-swimmers-checkManifestLockResult.txt",
			);
			runOnlyForDeploymentPostprocessing = 0;
			shellPath = /bin/sh;
			shellScript = "diff \"${PODS_PODFILE_DIR_PATH}/Podfile.lock\" \"${PODS_ROOT}/Manifest.lock\" > /dev/null\nif [ $? != 0 ] ; then\n    # print error to STDERR\n    echo \"error: The sandbox is not in sync with the Podfile.lock. Run 'pod install' or update your CocoaPods installation.\" >&2\n    exit 1\nfi\n# This output is used by Xcode 'outputs' to avoid re-running this script phase.\necho \"SUCCESS\" > \"${SCRIPT_OUTPUT_FILE_0}\"\n";
			showEnvVarsInLog = 0;
		};
/* End PBXShellScriptBuildPhase section */

/* Begin PBXSourcesBuildPhase section */
		398B1B9D2A483DA300E0FA9B /* Sources */ = {
			isa = PBXSourcesBuildPhase;
			buildActionMask = 2147483647;
			files = (
				398B1BC42A4848D400E0FA9B /* RecordCellType.swift in Sources */,
				398B1BB42A483E1700E0FA9B /* HomeView.swift in Sources */,
				398B1BC02A4842C900E0FA9B /* MainView.swift in Sources */,
				398B1BBA2A483EEA00E0FA9B /* Color+Extension.swift in Sources */,
				392083C22A485E7700E591A8 /* DailyRecordBar.swift in Sources */,
				392083CA2A48828800E591A8 /* SwimmingPoolCell.swift in Sources */,
				398B1BB72A483E4E00E0FA9B /* ThemeColor.swift in Sources */,
				39ADB27D2A4AE4FB00AED318 /* Constant.swift in Sources */,
				39437DA22A48949700FDA9DA /* Keys.swift in Sources */,
				392083C82A48807B00E591A8 /* SearchBarModifier.swift in Sources */,
				39ADB27F2A4AE90A00AED318 /* PoolsViewModel.swift in Sources */,
				392083CC2A4882F000E591A8 /* SwimmingPoolType.swift in Sources */,
				398B1BC62A484CF500E0FA9B /* Font+Extension.swift in Sources */,
				39437D9F2A48944000FDA9DA /* NaverMapService.swift in Sources */,
				392083C02A485BB300E591A8 /* MyInfoView.swift in Sources */,
				39ADB2832A4AEA2200AED318 /* PoolDetailView.swift in Sources */,
				39ADB2722A492F2B00AED318 /* MainViewModel.swift in Sources */,
				398B1BC82A484D1300E0FA9B /* ThemeFont.swift in Sources */,
				392083B72A48586C00E591A8 /* WeekdayType.swift in Sources */,
				392083BD2A485B9400E591A8 /* PoolListView.swift in Sources */,
				398B1BA52A483DA300E0FA9B /* swimmersApp.swift in Sources */,
				392083C62A48805000E591A8 /* PoolsMapViewContainer.swift in Sources */,
			);
			runOnlyForDeploymentPostprocessing = 0;
		};
/* End PBXSourcesBuildPhase section */

/* Begin XCBuildConfiguration section */
		398B1BAD2A483DA400E0FA9B /* Debug */ = {
			isa = XCBuildConfiguration;
			buildSettings = {
				ALWAYS_SEARCH_USER_PATHS = NO;
				CLANG_ANALYZER_NONNULL = YES;
				CLANG_ANALYZER_NUMBER_OBJECT_CONVERSION = YES_AGGRESSIVE;
				CLANG_CXX_LANGUAGE_STANDARD = "gnu++20";
				CLANG_ENABLE_MODULES = YES;
				CLANG_ENABLE_OBJC_ARC = YES;
				CLANG_ENABLE_OBJC_WEAK = YES;
				CLANG_WARN_BLOCK_CAPTURE_AUTORELEASING = YES;
				CLANG_WARN_BOOL_CONVERSION = YES;
				CLANG_WARN_COMMA = YES;
				CLANG_WARN_CONSTANT_CONVERSION = YES;
				CLANG_WARN_DEPRECATED_OBJC_IMPLEMENTATIONS = YES;
				CLANG_WARN_DIRECT_OBJC_ISA_USAGE = YES_ERROR;
				CLANG_WARN_DOCUMENTATION_COMMENTS = YES;
				CLANG_WARN_EMPTY_BODY = YES;
				CLANG_WARN_ENUM_CONVERSION = YES;
				CLANG_WARN_INFINITE_RECURSION = YES;
				CLANG_WARN_INT_CONVERSION = YES;
				CLANG_WARN_NON_LITERAL_NULL_CONVERSION = YES;
				CLANG_WARN_OBJC_IMPLICIT_RETAIN_SELF = YES;
				CLANG_WARN_OBJC_LITERAL_CONVERSION = YES;
				CLANG_WARN_OBJC_ROOT_CLASS = YES_ERROR;
				CLANG_WARN_QUOTED_INCLUDE_IN_FRAMEWORK_HEADER = YES;
				CLANG_WARN_RANGE_LOOP_ANALYSIS = YES;
				CLANG_WARN_STRICT_PROTOTYPES = YES;
				CLANG_WARN_SUSPICIOUS_MOVE = YES;
				CLANG_WARN_UNGUARDED_AVAILABILITY = YES_AGGRESSIVE;
				CLANG_WARN_UNREACHABLE_CODE = YES;
				CLANG_WARN__DUPLICATE_METHOD_MATCH = YES;
				COPY_PHASE_STRIP = NO;
				DEBUG_INFORMATION_FORMAT = dwarf;
				ENABLE_STRICT_OBJC_MSGSEND = YES;
				ENABLE_TESTABILITY = YES;
				GCC_C_LANGUAGE_STANDARD = gnu11;
				GCC_DYNAMIC_NO_PIC = NO;
				GCC_NO_COMMON_BLOCKS = YES;
				GCC_OPTIMIZATION_LEVEL = 0;
				GCC_PREPROCESSOR_DEFINITIONS = (
					"DEBUG=1",
					"$(inherited)",
				);
				GCC_WARN_64_TO_32_BIT_CONVERSION = YES;
				GCC_WARN_ABOUT_RETURN_TYPE = YES_ERROR;
				GCC_WARN_UNDECLARED_SELECTOR = YES;
				GCC_WARN_UNINITIALIZED_AUTOS = YES_AGGRESSIVE;
				GCC_WARN_UNUSED_FUNCTION = YES;
				GCC_WARN_UNUSED_VARIABLE = YES;
				IPHONEOS_DEPLOYMENT_TARGET = 15.0;
				MTL_ENABLE_DEBUG_INFO = INCLUDE_SOURCE;
				MTL_FAST_MATH = YES;
				ONLY_ACTIVE_ARCH = YES;
				SDKROOT = iphoneos;
				SWIFT_ACTIVE_COMPILATION_CONDITIONS = DEBUG;
				SWIFT_OPTIMIZATION_LEVEL = "-Onone";
			};
			name = Debug;
		};
		398B1BAE2A483DA400E0FA9B /* Release */ = {
			isa = XCBuildConfiguration;
			buildSettings = {
				ALWAYS_SEARCH_USER_PATHS = NO;
				CLANG_ANALYZER_NONNULL = YES;
				CLANG_ANALYZER_NUMBER_OBJECT_CONVERSION = YES_AGGRESSIVE;
				CLANG_CXX_LANGUAGE_STANDARD = "gnu++20";
				CLANG_ENABLE_MODULES = YES;
				CLANG_ENABLE_OBJC_ARC = YES;
				CLANG_ENABLE_OBJC_WEAK = YES;
				CLANG_WARN_BLOCK_CAPTURE_AUTORELEASING = YES;
				CLANG_WARN_BOOL_CONVERSION = YES;
				CLANG_WARN_COMMA = YES;
				CLANG_WARN_CONSTANT_CONVERSION = YES;
				CLANG_WARN_DEPRECATED_OBJC_IMPLEMENTATIONS = YES;
				CLANG_WARN_DIRECT_OBJC_ISA_USAGE = YES_ERROR;
				CLANG_WARN_DOCUMENTATION_COMMENTS = YES;
				CLANG_WARN_EMPTY_BODY = YES;
				CLANG_WARN_ENUM_CONVERSION = YES;
				CLANG_WARN_INFINITE_RECURSION = YES;
				CLANG_WARN_INT_CONVERSION = YES;
				CLANG_WARN_NON_LITERAL_NULL_CONVERSION = YES;
				CLANG_WARN_OBJC_IMPLICIT_RETAIN_SELF = YES;
				CLANG_WARN_OBJC_LITERAL_CONVERSION = YES;
				CLANG_WARN_OBJC_ROOT_CLASS = YES_ERROR;
				CLANG_WARN_QUOTED_INCLUDE_IN_FRAMEWORK_HEADER = YES;
				CLANG_WARN_RANGE_LOOP_ANALYSIS = YES;
				CLANG_WARN_STRICT_PROTOTYPES = YES;
				CLANG_WARN_SUSPICIOUS_MOVE = YES;
				CLANG_WARN_UNGUARDED_AVAILABILITY = YES_AGGRESSIVE;
				CLANG_WARN_UNREACHABLE_CODE = YES;
				CLANG_WARN__DUPLICATE_METHOD_MATCH = YES;
				COPY_PHASE_STRIP = NO;
				DEBUG_INFORMATION_FORMAT = "dwarf-with-dsym";
				ENABLE_NS_ASSERTIONS = NO;
				ENABLE_STRICT_OBJC_MSGSEND = YES;
				GCC_C_LANGUAGE_STANDARD = gnu11;
				GCC_NO_COMMON_BLOCKS = YES;
				GCC_WARN_64_TO_32_BIT_CONVERSION = YES;
				GCC_WARN_ABOUT_RETURN_TYPE = YES_ERROR;
				GCC_WARN_UNDECLARED_SELECTOR = YES;
				GCC_WARN_UNINITIALIZED_AUTOS = YES_AGGRESSIVE;
				GCC_WARN_UNUSED_FUNCTION = YES;
				GCC_WARN_UNUSED_VARIABLE = YES;
				IPHONEOS_DEPLOYMENT_TARGET = 15.0;
				MTL_ENABLE_DEBUG_INFO = NO;
				MTL_FAST_MATH = YES;
				SDKROOT = iphoneos;
				SWIFT_COMPILATION_MODE = wholemodule;
				SWIFT_OPTIMIZATION_LEVEL = "-O";
				VALIDATE_PRODUCT = YES;
			};
			name = Release;
		};
		398B1BB02A483DA400E0FA9B /* Debug */ = {
			isa = XCBuildConfiguration;
			baseConfigurationReference = 148B2CD5E805979309437A8F /* Pods-swimmers.debug.xcconfig */;
			buildSettings = {
				ASSETCATALOG_COMPILER_APPICON_NAME = AppIcon;
				ASSETCATALOG_COMPILER_GLOBAL_ACCENT_COLOR_NAME = AccentColor;
				CODE_SIGN_IDENTITY = "Apple Development";
				CODE_SIGN_STYLE = Automatic;
				CURRENT_PROJECT_VERSION = 1;
				DEVELOPMENT_ASSET_PATHS = "\"swimmers/Preview Content\"";
				DEVELOPMENT_TEAM = ZH5GA3W8UP;
				ENABLE_PREVIEWS = YES;
				FRAMEWORK_SEARCH_PATHS = (
					"$(inherited)",
					"$(PROJECT_DIR)/swimmers",
				);
				GENERATE_INFOPLIST_FILE = YES;
				INFOPLIST_FILE = swimmers/Info.plist;
				INFOPLIST_KEY_NSLocationAlwaysAndWhenInUseUsageDescription = "주변 수영장을 찾기 위해 사용자의 위치 권한을 요청합니다.";
				INFOPLIST_KEY_NSLocationWhenInUseUsageDescription = "주변 수영장을 찾기 위해 사용자의 위치 권한을 요청합니다.";
				INFOPLIST_KEY_UIApplicationSceneManifest_Generation = YES;
				INFOPLIST_KEY_UIApplicationSupportsIndirectInputEvents = YES;
				INFOPLIST_KEY_UILaunchScreen_Generation = YES;
				INFOPLIST_KEY_UISupportedInterfaceOrientations_iPad = "UIInterfaceOrientationPortrait UIInterfaceOrientationPortraitUpsideDown UIInterfaceOrientationLandscapeLeft UIInterfaceOrientationLandscapeRight";
				INFOPLIST_KEY_UISupportedInterfaceOrientations_iPhone = "UIInterfaceOrientationPortrait UIInterfaceOrientationLandscapeLeft UIInterfaceOrientationLandscapeRight";
				INFOPLIST_KEY_UIUserInterfaceStyle = Light;
				IPHONEOS_DEPLOYMENT_TARGET = 15.0;
				LD_RUNPATH_SEARCH_PATHS = (
					"$(inherited)",
					"@executable_path/Frameworks",
				);
				MARKETING_VERSION = 1.0;
				PRODUCT_BUNDLE_IDENTIFIER = dev.heon.swimmers;
				PRODUCT_NAME = "$(TARGET_NAME)";
				PROVISIONING_PROFILE_SPECIFIER = "";
				SWIFT_EMIT_LOC_STRINGS = YES;
				SWIFT_VERSION = 5.0;
				TARGETED_DEVICE_FAMILY = "1,2";
			};
			name = Debug;
		};
		398B1BB12A483DA400E0FA9B /* Release */ = {
			isa = XCBuildConfiguration;
			baseConfigurationReference = D920C7E5BEB9778F19F79D49 /* Pods-swimmers.release.xcconfig */;
			buildSettings = {
				ASSETCATALOG_COMPILER_APPICON_NAME = AppIcon;
				ASSETCATALOG_COMPILER_GLOBAL_ACCENT_COLOR_NAME = AccentColor;
				CODE_SIGN_IDENTITY = "Apple Development";
				CODE_SIGN_STYLE = Automatic;
				CURRENT_PROJECT_VERSION = 1;
				DEVELOPMENT_ASSET_PATHS = "\"swimmers/Preview Content\"";
				DEVELOPMENT_TEAM = ZH5GA3W8UP;
				ENABLE_PREVIEWS = YES;
				FRAMEWORK_SEARCH_PATHS = (
					"$(inherited)",
					"$(PROJECT_DIR)/swimmers",
				);
				GENERATE_INFOPLIST_FILE = YES;
				INFOPLIST_FILE = swimmers/Info.plist;
				INFOPLIST_KEY_NSLocationAlwaysAndWhenInUseUsageDescription = "주변 수영장을 찾기 위해 사용자의 위치 권한을 요청합니다.";
				INFOPLIST_KEY_NSLocationWhenInUseUsageDescription = "주변 수영장을 찾기 위해 사용자의 위치 권한을 요청합니다.";
				INFOPLIST_KEY_UIApplicationSceneManifest_Generation = YES;
				INFOPLIST_KEY_UIApplicationSupportsIndirectInputEvents = YES;
				INFOPLIST_KEY_UILaunchScreen_Generation = YES;
				INFOPLIST_KEY_UISupportedInterfaceOrientations_iPad = "UIInterfaceOrientationPortrait UIInterfaceOrientationPortraitUpsideDown UIInterfaceOrientationLandscapeLeft UIInterfaceOrientationLandscapeRight";
				INFOPLIST_KEY_UISupportedInterfaceOrientations_iPhone = "UIInterfaceOrientationPortrait UIInterfaceOrientationLandscapeLeft UIInterfaceOrientationLandscapeRight";
				INFOPLIST_KEY_UIUserInterfaceStyle = Light;
				IPHONEOS_DEPLOYMENT_TARGET = 15.0;
				LD_RUNPATH_SEARCH_PATHS = (
					"$(inherited)",
					"@executable_path/Frameworks",
				);
				MARKETING_VERSION = 1.0;
				PRODUCT_BUNDLE_IDENTIFIER = dev.heon.swimmers;
				PRODUCT_NAME = "$(TARGET_NAME)";
				PROVISIONING_PROFILE_SPECIFIER = "";
				SWIFT_EMIT_LOC_STRINGS = YES;
				SWIFT_VERSION = 5.0;
				TARGETED_DEVICE_FAMILY = "1,2";
			};
			name = Release;
		};
/* End XCBuildConfiguration section */

/* Begin XCConfigurationList section */
		398B1B9C2A483DA300E0FA9B /* Build configuration list for PBXProject "swimmers" */ = {
			isa = XCConfigurationList;
			buildConfigurations = (
				398B1BAD2A483DA400E0FA9B /* Debug */,
				398B1BAE2A483DA400E0FA9B /* Release */,
			);
			defaultConfigurationIsVisible = 0;
			defaultConfigurationName = Release;
		};
		398B1BAF2A483DA400E0FA9B /* Build configuration list for PBXNativeTarget "swimmers" */ = {
			isa = XCConfigurationList;
			buildConfigurations = (
				398B1BB02A483DA400E0FA9B /* Debug */,
				398B1BB12A483DA400E0FA9B /* Release */,
			);
			defaultConfigurationIsVisible = 0;
			defaultConfigurationName = Release;
		};
/* End XCConfigurationList section */
	};
	rootObject = 398B1B992A483DA300E0FA9B /* Project object */;
}
